// !$*UTF8*$!
{
	archiveVersion = 1;
	classes = {
	};
	objectVersion = 53;
	objects = {

/* Begin PBXBuildFile section */
		2C6DFDF92761CA30006FA15B /* Operacion.swift in Sources */ = {isa = PBXBuildFile; fileRef = 2C6DFDF82761CA30006FA15B /* Operacion.swift */; };
		607698A9270DE52E00D4D206 /* AppDelegate.swift in Sources */ = {isa = PBXBuildFile; fileRef = 607698A8270DE52E00D4D206 /* AppDelegate.swift */; };
		607698AB270DE52E00D4D206 /* SceneDelegate.swift in Sources */ = {isa = PBXBuildFile; fileRef = 607698AA270DE52E00D4D206 /* SceneDelegate.swift */; };
		607698AD270DE52E00D4D206 /* ViewController.swift in Sources */ = {isa = PBXBuildFile; fileRef = 607698AC270DE52E00D4D206 /* ViewController.swift */; };
		607698B0270DE52E00D4D206 /* Main.storyboard in Resources */ = {isa = PBXBuildFile; fileRef = 607698AE270DE52E00D4D206 /* Main.storyboard */; };
		607698B2270DE53000D4D206 /* Assets.xcassets in Resources */ = {isa = PBXBuildFile; fileRef = 607698B1270DE53000D4D206 /* Assets.xcassets */; };
		607698B5270DE53000D4D206 /* LaunchScreen.storyboard in Resources */ = {isa = PBXBuildFile; fileRef = 607698B3270DE53000D4D206 /* LaunchScreen.storyboard */; };
		607698BD270DEA2D00D4D206 /* ResultadoViewController.swift in Sources */ = {isa = PBXBuildFile; fileRef = 607698BC270DEA2D00D4D206 /* ResultadoViewController.swift */; };
		607698BF270DEAD300D4D206 /* objetoIMC.swift in Sources */ = {isa = PBXBuildFile; fileRef = 607698BE270DEAD300D4D206 /* objetoIMC.swift */; };
		607698C1270DEB3100D4D206 /* cerebroIMC.swift in Sources */ = {isa = PBXBuildFile; fileRef = 607698C0270DEB3100D4D206 /* cerebroIMC.swift */; };
/* End PBXBuildFile section */

/* Begin PBXFileReference section */
		2C6DFDF82761CA30006FA15B /* Operacion.swift */ = {isa = PBXFileReference; lastKnownFileType = sourcecode.swift; path = Operacion.swift; sourceTree = "<group>"; };
		607698A5270DE52E00D4D206 /* CalculadoraIMC.app */ = {isa = PBXFileReference; explicitFileType = wrapper.application; includeInIndex = 0; path = CalculadoraIMC.app; sourceTree = BUILT_PRODUCTS_DIR; };
		607698A8270DE52E00D4D206 /* AppDelegate.swift */ = {isa = PBXFileReference; lastKnownFileType = sourcecode.swift; path = AppDelegate.swift; sourceTree = "<group>"; };
		607698AA270DE52E00D4D206 /* SceneDelegate.swift */ = {isa = PBXFileReference; lastKnownFileType = sourcecode.swift; path = SceneDelegate.swift; sourceTree = "<group>"; };
		607698AC270DE52E00D4D206 /* ViewController.swift */ = {isa = PBXFileReference; lastKnownFileType = sourcecode.swift; path = ViewController.swift; sourceTree = "<group>"; };
		607698AF270DE52E00D4D206 /* Base */ = {isa = PBXFileReference; lastKnownFileType = file.storyboard; name = Base; path = Base.lproj/Main.storyboard; sourceTree = "<group>"; };
		607698B1270DE53000D4D206 /* Assets.xcassets */ = {isa = PBXFileReference; lastKnownFileType = folder.assetcatalog; path = Assets.xcassets; sourceTree = "<group>"; };
		607698B4270DE53000D4D206 /* Base */ = {isa = PBXFileReference; lastKnownFileType = file.storyboard; name = Base; path = Base.lproj/LaunchScreen.storyboard; sourceTree = "<group>"; };
		607698B6270DE53000D4D206 /* Info.plist */ = {isa = PBXFileReference; lastKnownFileType = text.plist.xml; path = Info.plist; sourceTree = "<group>"; };
		607698BC270DEA2D00D4D206 /* ResultadoViewController.swift */ = {isa = PBXFileReference; lastKnownFileType = sourcecode.swift; path = ResultadoViewController.swift; sourceTree = "<group>"; };
		607698BE270DEAD300D4D206 /* objetoIMC.swift */ = {isa = PBXFileReference; lastKnownFileType = sourcecode.swift; path = objetoIMC.swift; sourceTree = "<group>"; };
		607698C0270DEB3100D4D206 /* cerebroIMC.swift */ = {isa = PBXFileReference; lastKnownFileType = sourcecode.swift; path = cerebroIMC.swift; sourceTree = "<group>"; };
/* End PBXFileReference section */

/* Begin PBXFrameworksBuildPhase section */
		607698A2270DE52E00D4D206 /* Frameworks */ = {
			isa = PBXFrameworksBuildPhase;
			buildActionMask = 2147483647;
			files = (
			);
			runOnlyForDeploymentPostprocessing = 0;
		};
/* End PBXFrameworksBuildPhase section */

/* Begin PBXGroup section */
		6076989C270DE52E00D4D206 = {
			isa = PBXGroup;
			children = (
				607698A7270DE52E00D4D206 /* CalculadoraIMC */,
				607698A6270DE52E00D4D206 /* Products */,
			);
			sourceTree = "<group>";
		};
		607698A6270DE52E00D4D206 /* Products */ = {
			isa = PBXGroup;
			children = (
				607698A5270DE52E00D4D206 /* CalculadoraIMC.app */,
			);
			name = Products;
			sourceTree = "<group>";
		};
		607698A7270DE52E00D4D206 /* CalculadoraIMC */ = {
			isa = PBXGroup;
			children = (
				607698A8270DE52E00D4D206 /* AppDelegate.swift */,
				607698AA270DE52E00D4D206 /* SceneDelegate.swift */,
				60D12AE6270F36F100093C84 /* Controladores */,
				60D12AE5270F36E200093C84 /* Vistas */,
				607698B1270DE53000D4D206 /* Assets.xcassets */,
				607698B6270DE53000D4D206 /* Info.plist */,
				60D12AE4270F36CF00093C84 /* Modelos */,
			);
			path = CalculadoraIMC;
			sourceTree = "<group>";
		};
		60D12AE4270F36CF00093C84 /* Modelos */ = {
			isa = PBXGroup;
			children = (
				607698BE270DEAD300D4D206 /* objetoIMC.swift */,
				607698C0270DEB3100D4D206 /* cerebroIMC.swift */,
				2C6DFDF82761CA30006FA15B /* Operacion.swift */,
			);
			path = Modelos;
			sourceTree = "<group>";
		};
		60D12AE5270F36E200093C84 /* Vistas */ = {
			isa = PBXGroup;
			children = (
				607698AE270DE52E00D4D206 /* Main.storyboard */,
				607698B3270DE53000D4D206 /* LaunchScreen.storyboard */,
			);
			path = Vistas;
			sourceTree = "<group>";
		};
		60D12AE6270F36F100093C84 /* Controladores */ = {
			isa = PBXGroup;
			children = (
				607698AC270DE52E00D4D206 /* ViewController.swift */,
				607698BC270DEA2D00D4D206 /* ResultadoViewController.swift */,
			);
			path = Controladores;
			sourceTree = "<group>";
		};
/* End PBXGroup section */

/* Begin PBXNativeTarget section */
		607698A4270DE52E00D4D206 /* CalculadoraIMC */ = {
			isa = PBXNativeTarget;
			buildConfigurationList = 607698B9270DE53000D4D206 /* Build configuration list for PBXNativeTarget "CalculadoraIMC" */;
			buildPhases = (
				607698A1270DE52E00D4D206 /* Sources */,
				607698A2270DE52E00D4D206 /* Frameworks */,
				607698A3270DE52E00D4D206 /* Resources */,
			);
			buildRules = (
			);
			dependencies = (
			);
			name = CalculadoraIMC;
			productName = CalculadoraIMC;
			productReference = 607698A5270DE52E00D4D206 /* CalculadoraIMC.app */;
			productType = "com.apple.product-type.application";
		};
/* End PBXNativeTarget section */

/* Begin PBXProject section */
		6076989D270DE52E00D4D206 /* Project object */ = {
			isa = PBXProject;
			attributes = {
				BuildIndependentTargetsInParallel = 1;
				LastSwiftUpdateCheck = 1300;
				LastUpgradeCheck = 1300;
				TargetAttributes = {
					607698A4270DE52E00D4D206 = {
						CreatedOnToolsVersion = 13.0;
					};
				};
			};
			buildConfigurationList = 607698A0270DE52E00D4D206 /* Build configuration list for PBXProject "CalculadoraIMC" */;
			compatibilityVersion = "Xcode 9.3";
			developmentRegion = en;
			hasScannedForEncodings = 0;
			knownRegions = (
				en,
				Base,
			);
			mainGroup = 6076989C270DE52E00D4D206;
			productRefGroup = 607698A6270DE52E00D4D206 /* Products */;
			projectDirPath = "";
			projectRoot = "";
			targets = (
				607698A4270DE52E00D4D206 /* CalculadoraIMC */,
			);
		};
/* End PBXProject section */

/* Begin PBXResourcesBuildPhase section */
		607698A3270DE52E00D4D206 /* Resources */ = {
			isa = PBXResourcesBuildPhase;
			buildActionMask = 2147483647;
			files = (
				607698B5270DE53000D4D206 /* LaunchScreen.storyboard in Resources */,
				607698B2270DE53000D4D206 /* Assets.xcassets in Resources */,
				607698B0270DE52E00D4D206 /* Main.storyboard in Resources */,
			);
			runOnlyForDeploymentPostprocessing = 0;
		};
/* End PBXResourcesBuildPhase section */

/* Begin PBXSourcesBuildPhase section */
		607698A1270DE52E00D4D206 /* Sources */ = {
			isa = PBXSourcesBuildPhase;
			buildActionMask = 2147483647;
			files = (
				607698C1270DEB3100D4D206 /* cerebroIMC.swift in Sources */,
				2C6DFDF92761CA30006FA15B /* Operacion.swift in Sources */,
				607698AD270DE52E00D4D206 /* ViewController.swift in Sources */,
				607698A9270DE52E00D4D206 /* AppDelegate.swift in Sources */,
				607698BD270DEA2D00D4D206 /* ResultadoViewController.swift in Sources */,
				607698BF270DEAD300D4D206 /* objetoIMC.swift in Sources */,
				607698AB270DE52E00D4D206 /* SceneDelegate.swift in Sources */,
			);
			runOnlyForDeploymentPostprocessing = 0;
		};
/* End PBXSourcesBuildPhase section */

/* Begin PBXVariantGroup section */
		607698AE270DE52E00D4D206 /* Main.storyboard */ = {
			isa = PBXVariantGroup;
			children = (
				607698AF270DE52E00D4D206 /* Base */,
			);
			name = Main.storyboard;
			sourceTree = "<group>";
		};
		607698B3270DE53000D4D206 /* LaunchScreen.storyboard */ = {
			isa = PBXVariantGroup;
			children = (
				607698B4270DE53000D4D206 /* Base */,
			);
			name = LaunchScreen.storyboard;
			sourceTree = "<group>";
		};
/* End PBXVariantGroup section */

/* Begin XCBuildConfiguration section */
		607698B7270DE53000D4D206 /* Debug */ = {
			isa = XCBuildConfiguration;
			buildSettings = {
				ALWAYS_SEARCH_USER_PATHS = NO;
				CLANG_ANALYZER_NONNULL = YES;
				CLANG_ANALYZER_NUMBER_OBJECT_CONVERSION = YES_AGGRESSIVE;
				CLANG_CXX_LANGUAGE_STANDARD = "gnu++17";
				CLANG_CXX_LIBRARY = "libc++";
				CLANG_ENABLE_MODULES = YES;
				CLANG_ENABLE_OBJC_ARC = YES;
				CLANG_ENABLE_OBJC_WEAK = YES;
				CLANG_WARN_BLOCK_CAPTURE_AUTORELEASING = YES;
				CLANG_WARN_BOOL_CONVERSION = YES;
				CLANG_WARN_COMMA = YES;
				CLANG_WARN_CONSTANT_CONVERSION = YES;
				CLANG_WARN_DEPRECATED_OBJC_IMPLEMENTATIONS = YES;
				CLANG_WARN_DIRECT_OBJC_ISA_USAGE = YES_ERROR;
				CLANG_WARN_DOCUMENTATION_COMMENTS = YES;
				CLANG_WARN_EMPTY_BODY = YES;
				CLANG_WARN_ENUM_CONVERSION = YES;
				CLANG_WARN_INFINITE_RECURSION = YES;
				CLANG_WARN_INT_CONVERSION = YES;
				CLANG_WARN_NON_LITERAL_NULL_CONVERSION = YES;
				CLANG_WARN_OBJC_IMPLICIT_RETAIN_SELF = YES;
				CLANG_WARN_OBJC_LITERAL_CONVERSION = YES;
				CLANG_WARN_OBJC_ROOT_CLASS = YES_ERROR;
				CLANG_WARN_QUOTED_INCLUDE_IN_FRAMEWORK_HEADER = YES;
				CLANG_WARN_RANGE_LOOP_ANALYSIS = YES;
				CLANG_WARN_STRICT_PROTOTYPES = YES;
				CLANG_WARN_SUSPICIOUS_MOVE = YES;
				CLANG_WARN_UNGUARDED_AVAILABILITY = YES_AGGRESSIVE;
				CLANG_WARN_UNREACHABLE_CODE = YES;
				CLANG_WARN__DUPLICATE_METHOD_MATCH = YES;
				COPY_PHASE_STRIP = NO;
				DEBUG_INFORMATION_FORMAT = dwarf;
				ENABLE_STRICT_OBJC_MSGSEND = YES;
				ENABLE_TESTABILITY = YES;
				GCC_C_LANGUAGE_STANDARD = gnu11;
				GCC_DYNAMIC_NO_PIC = NO;
				GCC_NO_COMMON_BLOCKS = YES;
				GCC_OPTIMIZATION_LEVEL = 0;
				GCC_PREPROCESSOR_DEFINITIONS = (
					"DEBUG=1",
					"$(inherited)",
				);
				GCC_WARN_64_TO_32_BIT_CONVERSION = YES;
				GCC_WARN_ABOUT_RETURN_TYPE = YES_ERROR;
				GCC_WARN_UNDECLARED_SELECTOR = YES;
				GCC_WARN_UNINITIALIZED_AUTOS = YES_AGGRESSIVE;
				GCC_WARN_UNUSED_FUNCTION = YES;
				GCC_WARN_UNUSED_VARIABLE = YES;
				IPHONEOS_DEPLOYMENT_TARGET = 15.0;
				MTL_ENABLE_DEBUG_INFO = INCLUDE_SOURCE;
				MTL_FAST_MATH = YES;
				ONLY_ACTIVE_ARCH = YES;
				SDKROOT = iphoneos;
				SWIFT_ACTIVE_COMPILATION_CONDITIONS = DEBUG;
				SWIFT_OPTIMIZATION_LEVEL = "-Onone";
			};
			name = Debug;
		};
		607698B8270DE53000D4D206 /* Release */ = {
			isa = XCBuildConfiguration;
			buildSettings = {
				ALWAYS_SEARCH_USER_PATHS = NO;
				CLANG_ANALYZER_NONNULL = YES;
				CLANG_ANALYZER_NUMBER_OBJECT_CONVERSION = YES_AGGRESSIVE;
				CLANG_CXX_LANGUAGE_STANDARD = "gnu++17";
				CLANG_CXX_LIBRARY = "libc++";
				CLANG_ENABLE_MODULES = YES;
				CLANG_ENABLE_OBJC_ARC = YES;
				CLANG_ENABLE_OBJC_WEAK = YES;
				CLANG_WARN_BLOCK_CAPTURE_AUTORELEASING = YES;
				CLANG_WARN_BOOL_CONVERSION = YES;
				CLANG_WARN_COMMA = YES;
				CLANG_WARN_CONSTANT_CONVERSION = YES;
				CLANG_WARN_DEPRECATED_OBJC_IMPLEMENTATIONS = YES;
				CLANG_WARN_DIRECT_OBJC_ISA_USAGE = YES_ERROR;
				CLANG_WARN_DOCUMENTATION_COMMENTS = YES;
				CLANG_WARN_EMPTY_BODY = YES;
				CLANG_WARN_ENUM_CONVERSION = YES;
				CLANG_WARN_INFINITE_RECURSION = YES;
				CLANG_WARN_INT_CONVERSION = YES;
				CLANG_WARN_NON_LITERAL_NULL_CONVERSION = YES;
				CLANG_WARN_OBJC_IMPLICIT_RETAIN_SELF = YES;
				CLANG_WARN_OBJC_LITERAL_CONVERSION = YES;
				CLANG_WARN_OBJC_ROOT_CLASS = YES_ERROR;
				CLANG_WARN_QUOTED_INCLUDE_IN_FRAMEWORK_HEADER = YES;
				CLANG_WARN_RANGE_LOOP_ANALYSIS = YES;
				CLANG_WARN_STRICT_PROTOTYPES = YES;
				CLANG_WARN_SUSPICIOUS_MOVE = YES;
				CLANG_WARN_UNGUARDED_AVAILABILITY = YES_AGGRESSIVE;
				CLANG_WARN_UNREACHABLE_CODE = YES;
				CLANG_WARN__DUPLICATE_METHOD_MATCH = YES;
				COPY_PHASE_STRIP = NO;
				DEBUG_INFORMATION_FORMAT = "dwarf-with-dsym";
				ENABLE_NS_ASSERTIONS = NO;
				ENABLE_STRICT_OBJC_MSGSEND = YES;
				GCC_C_LANGUAGE_STANDARD = gnu11;
				GCC_NO_COMMON_BLOCKS = YES;
				GCC_WARN_64_TO_32_BIT_CONVERSION = YES;
				GCC_WARN_ABOUT_RETURN_TYPE = YES_ERROR;
				GCC_WARN_UNDECLARED_SELECTOR = YES;
				GCC_WARN_UNINITIALIZED_AUTOS = YES_AGGRESSIVE;
				GCC_WARN_UNUSED_FUNCTION = YES;
				GCC_WARN_UNUSED_VARIABLE = YES;
				IPHONEOS_DEPLOYMENT_TARGET = 15.0;
				MTL_ENABLE_DEBUG_INFO = NO;
				MTL_FAST_MATH = YES;
				SDKROOT = iphoneos;
				SWIFT_COMPILATION_MODE = wholemodule;
				SWIFT_OPTIMIZATION_LEVEL = "-O";
				VALIDATE_PRODUCT = YES;
			};
			name = Release;
		};
		607698BA270DE53000D4D206 /* Debug */ = {
			isa = XCBuildConfiguration;
			buildSettings = {
				ASSETCATALOG_COMPILER_APPICON_NAME = AppIcon;
				ASSETCATALOG_COMPILER_GLOBAL_ACCENT_COLOR_NAME = AccentColor;
				CODE_SIGN_STYLE = Automatic;
				CURRENT_PROJECT_VERSION = 1;
				DEVELOPMENT_TEAM = N4CRXDCNQC;
				GENERATE_INFOPLIST_FILE = YES;
				INFOPLIST_FILE = CalculadoraIMC/Info.plist;
				INFOPLIST_KEY_UIApplicationSupportsIndirectInputEvents = YES;
				INFOPLIST_KEY_UILaunchStoryboardName = LaunchScreen;
				INFOPLIST_KEY_UIMainStoryboardFile = Main;
				INFOPLIST_KEY_UISupportedInterfaceOrientations_iPad = "UIInterfaceOrientationPortrait UIInterfaceOrientationPortraitUpsideDown UIInterfaceOrientationLandscapeLeft UIInterfaceOrientationLandscapeRight";
				INFOPLIST_KEY_UISupportedInterfaceOrientations_iPhone = "UIInterfaceOrientationPortrait UIInterfaceOrientationLandscapeLeft UIInterfaceOrientationLandscapeRight";
				IPHONEOS_DEPLOYMENT_TARGET = 13.1;
				LD_RUNPATH_SEARCH_PATHS = (
					"$(inherited)",
					"@executable_path/Frameworks",
				);
				MARKETING_VERSION = 1.0;
				PRODUCT_BUNDLE_IDENTIFIER = com.devsolutions.marcoart.CalculadoraIMC;
				PRODUCT_NAME = "$(TARGET_NAME)";
				SWIFT_EMIT_LOC_STRINGS = YES;
				SWIFT_VERSION = 5.0;
				TARGETED_DEVICE_FAMILY = "1,2";
			};
			name = Debug;
		};
		607698BB270DE53000D4D206 /* Release */ = {
			isa = XCBuildConfiguration;
			buildSettings = {
				ASSETCATALOG_COMPILER_APPICON_NAME = AppIcon;
				ASSETCATALOG_COMPILER_GLOBAL_ACCENT_COLOR_NAME = AccentColor;
				CODE_SIGN_STYLE = Automatic;
				CURRENT_PROJECT_VERSION = 1;
				DEVELOPMENT_TEAM = N4CRXDCNQC;
				GENERATE_INFOPLIST_FILE = YES;
				INFOPLIST_FILE = CalculadoraIMC/Info.plist;
				INFOPLIST_KEY_UIApplicationSupportsIndirectInputEvents = YES;
				INFOPLIST_KEY_UILaunchStoryboardName = LaunchScreen;
				INFOPLIST_KEY_UIMainStoryboardFile = Main;
				INFOPLIST_KEY_UISupportedInterfaceOrientations_iPad = "UIInterfaceOrientationPortrait UIInterfaceOrientationPortraitUpsideDown UIInterfaceOrientationLandscapeLeft UIInterfaceOrientationLandscapeRight";
				INFOPLIST_KEY_UISupportedInterfaceOrientations_iPhone = "UIInterfaceOrientationPortrait UIInterfaceOrientationLandscapeLeft UIInterfaceOrientationLandscapeRight";
				IPHONEOS_DEPLOYMENT_TARGET = 13.1;
				LD_RUNPATH_SEARCH_PATHS = (
					"$(inherited)",
					"@executable_path/Frameworks",
				);
				MARKETING_VERSION = 1.0;
				PRODUCT_BUNDLE_IDENTIFIER = com.devsolutions.marcoart.CalculadoraIMC;
				PRODUCT_NAME = "$(TARGET_NAME)";
				SWIFT_EMIT_LOC_STRINGS = YES;
				SWIFT_VERSION = 5.0;
				TARGETED_DEVICE_FAMILY = "1,2";
			};
			name = Release;
		};
/* End XCBuildConfiguration section */

/* Begin XCConfigurationList section */
		607698A0270DE52E00D4D206 /* Build configuration list for PBXProject "CalculadoraIMC" */ = {
			isa = XCConfigurationList;
			buildConfigurations = (
				607698B7270DE53000D4D206 /* Debug */,
				607698B8270DE53000D4D206 /* Release */,
			);
			defaultConfigurationIsVisible = 0;
			defaultConfigurationName = Release;
		};
		607698B9270DE53000D4D206 /* Build configuration list for PBXNativeTarget "CalculadoraIMC" */ = {
			isa = XCConfigurationList;
			buildConfigurations = (
				607698BA270DE53000D4D206 /* Debug */,
				607698BB270DE53000D4D206 /* Release */,
			);
			defaultConfigurationIsVisible = 0;
			defaultConfigurationName = Release;
		};
/* End XCConfigurationList section */
	};
	rootObject = 6076989D270DE52E00D4D206 /* Project object */;
}
